
Microsoft Visual Studio Solution File, Format Version 12.00
# Visual Studio 2013
VisualStudioVersion = 12.0.21005.1
MinimumVisualStudioVersion = 10.0.40219.1
Project("{FAE04EC0-301F-11D3-BF4B-00C04F79EFBC}") = "C-Sharp-Concepts", "C-Sharp-Concepts\C-Sharp-Concepts.csproj", "{FDCDCA66-5324-4439-83B4-A2D59EB9700D}"
EndProject
Project("{FAE04EC0-301F-11D3-BF4B-00C04F79EFBC}") = "Lazy", "Lazy\Lazy.csproj", "{3224226F-3F50-4A88-A2A1-5F3D5212D12C}"
EndProject
Project("{FAE04EC0-301F-11D3-BF4B-00C04F79EFBC}") = "Test", "Test\Test.csproj", "{D7E5D949-3B24-4FA7-B931-726F9592A13F}"
EndProject
Project("{FAE04EC0-301F-11D3-BF4B-00C04F79EFBC}") = "PageLifeCycle", "PageLifeCycle\PageLifeCycle.csproj", "{F4E17436-A868-47C7-BAAF-8555A2E47572}"
EndProject
Project("{E24C65DC-7377-472B-9ABA-BC803B73C61A}") = "WebApplication", "http://localhost:60646", "{DEF7E4C3-67B9-4B4B-9B67-22F81A19F617}"
	ProjectSection(WebsiteProperties) = preProject
		UseIISExpress = "true"
		TargetFrameworkMoniker = ".NETFramework,Version%3Dv4.5"
		ProjectReferences = "{f4e17436-a868-47c7-baaf-8555a2e47572}|PageLifeCycle.dll;"
		Debug.AspNetCompiler.VirtualPath = "/localhost_60646"
		Debug.AspNetCompiler.PhysicalPath = "..\WebApplication\"
		Debug.AspNetCompiler.TargetPath = "PrecompiledWeb\localhost_60646\"
		Debug.AspNetCompiler.Updateable = "true"
		Debug.AspNetCompiler.ForceOverwrite = "true"
		Debug.AspNetCompiler.FixedNames = "false"
		Debug.AspNetCompiler.Debug = "True"
		Release.AspNetCompiler.VirtualPath = "/localhost_60646"
		Release.AspNetCompiler.PhysicalPath = "..\WebApplication\"
		Release.AspNetCompiler.TargetPath = "PrecompiledWeb\localhost_60646\"
		Release.AspNetCompiler.Updateable = "true"
		Release.AspNetCompiler.ForceOverwrite = "true"
		Release.AspNetCompiler.FixedNames = "false"
		Release.AspNetCompiler.Debug = "False"
		SlnRelativePath = "..\WebApplication\"
		DefaultWebSiteLanguage = "Visual C#"
	EndProjectSection
EndProject
Global
	GlobalSection(SolutionConfigurationPlatforms) = preSolution
		Debug|Any CPU = Debug|Any CPU
		Release|Any CPU = Release|Any CPU
	EndGlobalSection
	GlobalSection(ProjectConfigurationPlatforms) = postSolution
		{FDCDCA66-5324-4439-83B4-A2D59EB9700D}.Debug|Any CPU.ActiveCfg = Debug|Any CPU
		{FDCDCA66-5324-4439-83B4-A2D59EB9700D}.Debug|Any CPU.Build.0 = Debug|Any CPU
		{FDCDCA66-5324-4439-83B4-A2D59EB9700D}.Release|Any CPU.ActiveCfg = Release|Any CPU
		{FDCDCA66-5324-4439-83B4-A2D59EB9700D}.Release|Any CPU.Build.0 = Release|Any CPU
		{3224226F-3F50-4A88-A2A1-5F3D5212D12C}.Debug|Any CPU.ActiveCfg = Debug|Any CPU
		{3224226F-3F50-4A88-A2A1-5F3D5212D12C}.Debug|Any CPU.Build.0 = Debug|Any CPU
		{3224226F-3F50-4A88-A2A1-5F3D5212D12C}.Release|Any CPU.ActiveCfg = Release|Any CPU
		{3224226F-3F50-4A88-A2A1-5F3D5212D12C}.Release|Any CPU.Build.0 = Release|Any CPU
		{D7E5D949-3B24-4FA7-B931-726F9592A13F}.Debug|Any CPU.ActiveCfg = Debug|Any CPU
		{D7E5D949-3B24-4FA7-B931-726F9592A13F}.Debug|Any CPU.Build.0 = Debug|Any CPU
		{D7E5D949-3B24-4FA7-B931-726F9592A13F}.Release|Any CPU.ActiveCfg = Release|Any CPU
		{D7E5D949-3B24-4FA7-B931-726F9592A13F}.Release|Any CPU.Build.0 = Release|Any CPU
		{F4E17436-A868-47C7-BAAF-8555A2E47572}.Debug|Any CPU.ActiveCfg = Debug|Any CPU
		{F4E17436-A868-47C7-BAAF-8555A2E47572}.Debug|Any CPU.Build.0 = Debug|Any CPU
		{F4E17436-A868-47C7-BAAF-8555A2E47572}.Release|Any CPU.ActiveCfg = Release|Any CPU
		{F4E17436-A868-47C7-BAAF-8555A2E47572}.Release|Any CPU.Build.0 = Release|Any CPU
		{DEF7E4C3-67B9-4B4B-9B67-22F81A19F617}.Debug|Any CPU.ActiveCfg = Debug|Any CPU
		{DEF7E4C3-67B9-4B4B-9B67-22F81A19F617}.Debug|Any CPU.Build.0 = Debug|Any CPU
		{DEF7E4C3-67B9-4B4B-9B67-22F81A19F617}.Release|Any CPU.ActiveCfg = Debug|Any CPU
		{DEF7E4C3-67B9-4B4B-9B67-22F81A19F617}.Release|Any CPU.Build.0 = Debug|Any CPU
	EndGlobalSection
	GlobalSection(SolutionProperties) = preSolution
		HideSolutionNode = FALSE
	EndGlobalSection
EndGlobal
